{
  "version": "4",
  "specifiers": {
    "npm:@sinclair/typebox@*": "0.33.17",
    "npm:@sinclair/typebox@~0.33.17": "0.33.17"
  },
  "npm": {
    "@sinclair/typebox@0.33.17": {
      "integrity": "sha512-75232GRx3wp3P7NP+yc4nRK3XUAnaQShxTAzapgmQrgs0QvSq0/mOJGoZXRpH15cFCKyys+4laCPbBselqJ5Ag=="
    }
  },
  "workspace": {
    "dependencies": [
      "npm:@sinclair/typebox@~0.33.17"
    ]
  }
}
