{
  "version": "4",
  "specifiers": {
    "jsr:@std/semver@^1.0.3": "1.0.3",
    "npm:@sinclair/typebox@0.32.15": "0.32.15"
  },
  "jsr": {
    "@std/semver@1.0.3": {
      "integrity": "7c139c6076a080eeaa4252c78b95ca5302818d7eafab0470d34cafd9930c13c8"
    }
  },
  "npm": {
    "@sinclair/typebox@0.32.15": {
      "integrity": "sha512-5Lrwo7VOiWEBJBhHmqNmf3TPB9ll8gcEshvYJyAIJyCZ2PF48MFOtiDHJNj8+FsNcqImaQYmxVkKBCBlyAa/wg=="
    }
  },
  "workspace": {
    "dependencies": [
      "jsr:@std/semver@^1.0.3",
      "npm:@sinclair/typebox@0.32.15"
    ]
  }
}
