{
  "version": "4",
  "specifiers": {
    "npm:@sinclair/typebox@0.32.15": "0.32.15"
  },
  "npm": {
    "@sinclair/typebox@0.32.15": {
      "integrity": "sha512-5Lrwo7VOiWEBJBhHmqNmf3TPB9ll8gcEshvYJyAIJyCZ2PF48MFOtiDHJNj8+FsNcqImaQYmxVkKBCBlyAa/wg=="
    }
  },
  "workspace": {
    "dependencies": [
      "npm:@sinclair/typebox@0.32.15"
    ]
  }
}
